
Microsoft Visual Studio Solution File, Format Version 12.00
# Visual Studio 15
VisualStudioVersion = 15.0.26228.4
MinimumVisualStudioVersion = 10.0.40219.1
Project("{8BC9CEB8-8B4A-11D0-8D11-00A0C91BC942}") = "hulu", "hulu\hulu.vcxproj", "{69B34FBB-077A-4B1C-87EE-33B1095A7407}"
EndProject
Project("{2150E333-8FDC-42A3-9474-1A3956D46DE8}") = "unit_test", "unit_test", "{FD487EE2-88CD-4A90-8475-19983B077F9F}"
EndProject
Project("{2150E333-8FDC-42A3-9474-1A3956D46DE8}") = "test", "test", "{3FA4AC2A-A263-494E-8A48-6C6B9FABB3B9}"
EndProject
Project("{8BC9CEB8-8B4A-11D0-8D11-00A0C91BC942}") = "dump", "test\dump\dump.vcxproj", "{CD6E155E-39FB-49D2-8206-BD53FAAB09A5}"
EndProject
Project("{8BC9CEB8-8B4A-11D0-8D11-00A0C91BC942}") = "base", "test\base\base.vcxproj", "{67FE3CBD-F54D-43D1-A6AE-BC8C8C9B29DA}"
EndProject
Project("{8BC9CEB8-8B4A-11D0-8D11-00A0C91BC942}") = "stlx", "test\stlx\stlx.vcxproj", "{7A22157B-71E8-457D-9789-0473419BEA86}"
EndProject
Project("{8BC9CEB8-8B4A-11D0-8D11-00A0C91BC942}") = "chrono", "unit_test\chrono\chrono.vcxproj", "{A38BBFBF-53D6-4BD0-81F7-09A5C74A202F}"
EndProject
Project("{8BC9CEB8-8B4A-11D0-8D11-00A0C91BC942}") = "parse", "unit_test\parse\parse.vcxproj", "{17FDE31A-6E0A-48EF-B248-0944BCAA4434}"
EndProject
Project("{8BC9CEB8-8B4A-11D0-8D11-00A0C91BC942}") = "thread", "test\thread\thread.vcxproj", "{6966E3F3-AFA7-4843-89D3-ABF74D8A435B}"
EndProject
Global
	GlobalSection(SolutionConfigurationPlatforms) = preSolution
		Debug|x64 = Debug|x64
		Debug|x86 = Debug|x86
		Release|x64 = Release|x64
		Release|x86 = Release|x86
	EndGlobalSection
	GlobalSection(ProjectConfigurationPlatforms) = postSolution
		{69B34FBB-077A-4B1C-87EE-33B1095A7407}.Debug|x64.ActiveCfg = Debug|x64
		{69B34FBB-077A-4B1C-87EE-33B1095A7407}.Debug|x64.Build.0 = Debug|x64
		{69B34FBB-077A-4B1C-87EE-33B1095A7407}.Debug|x86.ActiveCfg = Debug|Win32
		{69B34FBB-077A-4B1C-87EE-33B1095A7407}.Debug|x86.Build.0 = Debug|Win32
		{69B34FBB-077A-4B1C-87EE-33B1095A7407}.Release|x64.ActiveCfg = Release|x64
		{69B34FBB-077A-4B1C-87EE-33B1095A7407}.Release|x64.Build.0 = Release|x64
		{69B34FBB-077A-4B1C-87EE-33B1095A7407}.Release|x86.ActiveCfg = Release|Win32
		{69B34FBB-077A-4B1C-87EE-33B1095A7407}.Release|x86.Build.0 = Release|Win32
		{CD6E155E-39FB-49D2-8206-BD53FAAB09A5}.Debug|x64.ActiveCfg = Debug|x64
		{CD6E155E-39FB-49D2-8206-BD53FAAB09A5}.Debug|x64.Build.0 = Debug|x64
		{CD6E155E-39FB-49D2-8206-BD53FAAB09A5}.Debug|x86.ActiveCfg = Debug|Win32
		{CD6E155E-39FB-49D2-8206-BD53FAAB09A5}.Debug|x86.Build.0 = Debug|Win32
		{CD6E155E-39FB-49D2-8206-BD53FAAB09A5}.Release|x64.ActiveCfg = Release|x64
		{CD6E155E-39FB-49D2-8206-BD53FAAB09A5}.Release|x64.Build.0 = Release|x64
		{CD6E155E-39FB-49D2-8206-BD53FAAB09A5}.Release|x86.ActiveCfg = Release|Win32
		{CD6E155E-39FB-49D2-8206-BD53FAAB09A5}.Release|x86.Build.0 = Release|Win32
		{67FE3CBD-F54D-43D1-A6AE-BC8C8C9B29DA}.Debug|x64.ActiveCfg = Debug|x64
		{67FE3CBD-F54D-43D1-A6AE-BC8C8C9B29DA}.Debug|x64.Build.0 = Debug|x64
		{67FE3CBD-F54D-43D1-A6AE-BC8C8C9B29DA}.Debug|x86.ActiveCfg = Debug|Win32
		{67FE3CBD-F54D-43D1-A6AE-BC8C8C9B29DA}.Debug|x86.Build.0 = Debug|Win32
		{67FE3CBD-F54D-43D1-A6AE-BC8C8C9B29DA}.Release|x64.ActiveCfg = Release|x64
		{67FE3CBD-F54D-43D1-A6AE-BC8C8C9B29DA}.Release|x64.Build.0 = Release|x64
		{67FE3CBD-F54D-43D1-A6AE-BC8C8C9B29DA}.Release|x86.ActiveCfg = Release|Win32
		{67FE3CBD-F54D-43D1-A6AE-BC8C8C9B29DA}.Release|x86.Build.0 = Release|Win32
		{7A22157B-71E8-457D-9789-0473419BEA86}.Debug|x64.ActiveCfg = Debug|x64
		{7A22157B-71E8-457D-9789-0473419BEA86}.Debug|x64.Build.0 = Debug|x64
		{7A22157B-71E8-457D-9789-0473419BEA86}.Debug|x86.ActiveCfg = Debug|Win32
		{7A22157B-71E8-457D-9789-0473419BEA86}.Debug|x86.Build.0 = Debug|Win32
		{7A22157B-71E8-457D-9789-0473419BEA86}.Release|x64.ActiveCfg = Release|x64
		{7A22157B-71E8-457D-9789-0473419BEA86}.Release|x64.Build.0 = Release|x64
		{7A22157B-71E8-457D-9789-0473419BEA86}.Release|x86.ActiveCfg = Release|Win32
		{7A22157B-71E8-457D-9789-0473419BEA86}.Release|x86.Build.0 = Release|Win32
		{A38BBFBF-53D6-4BD0-81F7-09A5C74A202F}.Debug|x64.ActiveCfg = Debug|x64
		{A38BBFBF-53D6-4BD0-81F7-09A5C74A202F}.Debug|x64.Build.0 = Debug|x64
		{A38BBFBF-53D6-4BD0-81F7-09A5C74A202F}.Debug|x86.ActiveCfg = Debug|Win32
		{A38BBFBF-53D6-4BD0-81F7-09A5C74A202F}.Debug|x86.Build.0 = Debug|Win32
		{A38BBFBF-53D6-4BD0-81F7-09A5C74A202F}.Release|x64.ActiveCfg = Release|x64
		{A38BBFBF-53D6-4BD0-81F7-09A5C74A202F}.Release|x64.Build.0 = Release|x64
		{A38BBFBF-53D6-4BD0-81F7-09A5C74A202F}.Release|x86.ActiveCfg = Release|Win32
		{A38BBFBF-53D6-4BD0-81F7-09A5C74A202F}.Release|x86.Build.0 = Release|Win32
		{17FDE31A-6E0A-48EF-B248-0944BCAA4434}.Debug|x64.ActiveCfg = Debug|x64
		{17FDE31A-6E0A-48EF-B248-0944BCAA4434}.Debug|x64.Build.0 = Debug|x64
		{17FDE31A-6E0A-48EF-B248-0944BCAA4434}.Debug|x86.ActiveCfg = Debug|Win32
		{17FDE31A-6E0A-48EF-B248-0944BCAA4434}.Debug|x86.Build.0 = Debug|Win32
		{17FDE31A-6E0A-48EF-B248-0944BCAA4434}.Release|x64.ActiveCfg = Release|x64
		{17FDE31A-6E0A-48EF-B248-0944BCAA4434}.Release|x64.Build.0 = Release|x64
		{17FDE31A-6E0A-48EF-B248-0944BCAA4434}.Release|x86.ActiveCfg = Release|Win32
		{17FDE31A-6E0A-48EF-B248-0944BCAA4434}.Release|x86.Build.0 = Release|Win32
		{6966E3F3-AFA7-4843-89D3-ABF74D8A435B}.Debug|x64.ActiveCfg = Debug|x64
		{6966E3F3-AFA7-4843-89D3-ABF74D8A435B}.Debug|x64.Build.0 = Debug|x64
		{6966E3F3-AFA7-4843-89D3-ABF74D8A435B}.Debug|x86.ActiveCfg = Debug|Win32
		{6966E3F3-AFA7-4843-89D3-ABF74D8A435B}.Debug|x86.Build.0 = Debug|Win32
		{6966E3F3-AFA7-4843-89D3-ABF74D8A435B}.Release|x64.ActiveCfg = Release|x64
		{6966E3F3-AFA7-4843-89D3-ABF74D8A435B}.Release|x64.Build.0 = Release|x64
		{6966E3F3-AFA7-4843-89D3-ABF74D8A435B}.Release|x86.ActiveCfg = Release|Win32
		{6966E3F3-AFA7-4843-89D3-ABF74D8A435B}.Release|x86.Build.0 = Release|Win32
	EndGlobalSection
	GlobalSection(SolutionProperties) = preSolution
		HideSolutionNode = FALSE
	EndGlobalSection
	GlobalSection(NestedProjects) = preSolution
		{CD6E155E-39FB-49D2-8206-BD53FAAB09A5} = {3FA4AC2A-A263-494E-8A48-6C6B9FABB3B9}
		{67FE3CBD-F54D-43D1-A6AE-BC8C8C9B29DA} = {3FA4AC2A-A263-494E-8A48-6C6B9FABB3B9}
		{7A22157B-71E8-457D-9789-0473419BEA86} = {3FA4AC2A-A263-494E-8A48-6C6B9FABB3B9}
		{A38BBFBF-53D6-4BD0-81F7-09A5C74A202F} = {FD487EE2-88CD-4A90-8475-19983B077F9F}
		{17FDE31A-6E0A-48EF-B248-0944BCAA4434} = {FD487EE2-88CD-4A90-8475-19983B077F9F}
		{6966E3F3-AFA7-4843-89D3-ABF74D8A435B} = {3FA4AC2A-A263-494E-8A48-6C6B9FABB3B9}
	EndGlobalSection
EndGlobal
