
Microsoft Visual Studio Solution File, Format Version 12.00
# Visual Studio 15
VisualStudioVersion = 15.0.26228.4
MinimumVisualStudioVersion = 10.0.40219.1
Project("{8BC9CEB8-8B4A-11D0-8D11-00A0C91BC942}") = "hulu", "hulu\hulu.vcxproj", "{69B34FBB-077A-4B1C-87EE-33B1095A7407}"
EndProject
Global
	GlobalSection(SolutionConfigurationPlatforms) = preSolution
		Debug|x64 = Debug|x64
		Debug|x86 = Debug|x86
		Release|x64 = Release|x64
		Release|x86 = Release|x86
	EndGlobalSection
	GlobalSection(ProjectConfigurationPlatforms) = postSolution
		{69B34FBB-077A-4B1C-87EE-33B1095A7407}.Debug|x64.ActiveCfg = Debug|x64
		{69B34FBB-077A-4B1C-87EE-33B1095A7407}.Debug|x64.Build.0 = Debug|x64
		{69B34FBB-077A-4B1C-87EE-33B1095A7407}.Debug|x86.ActiveCfg = Debug|Win32
		{69B34FBB-077A-4B1C-87EE-33B1095A7407}.Debug|x86.Build.0 = Debug|Win32
		{69B34FBB-077A-4B1C-87EE-33B1095A7407}.Release|x64.ActiveCfg = Release|x64
		{69B34FBB-077A-4B1C-87EE-33B1095A7407}.Release|x64.Build.0 = Release|x64
		{69B34FBB-077A-4B1C-87EE-33B1095A7407}.Release|x86.ActiveCfg = Release|Win32
		{69B34FBB-077A-4B1C-87EE-33B1095A7407}.Release|x86.Build.0 = Release|Win32
	EndGlobalSection
	GlobalSection(SolutionProperties) = preSolution
		HideSolutionNode = FALSE
	EndGlobalSection
EndGlobal
