<?xml version="1.0" encoding="utf-8"?>
<Project ToolsVersion="4.0" xmlns="http://schemas.microsoft.com/developer/msbuild/2003">
  <ItemGroup>
    <Filter Include="Source Files">
      <UniqueIdentifier>{4FC737F1-C7A5-4376-A066-2A32D752A2FF}</UniqueIdentifier>
      <Extensions>cpp;c;cc;cxx;def;odl;idl;hpj;bat;asm;asmx</Extensions>
    </Filter>
    <Filter Include="Header Files">
      <UniqueIdentifier>{93995380-89BD-4b04-88EB-625FBE52EBFB}</UniqueIdentifier>
      <Extensions>h;hh;hpp;hxx;hm;inl;inc;xsd</Extensions>
    </Filter>
    <Filter Include="Resource Files">
      <UniqueIdentifier>{67DA6AB6-F800-4c08-8B7A-83BB121AAD01}</UniqueIdentifier>
      <Extensions>rc;ico;cur;bmp;dlg;rc2;rct;bin;rgs;gif;jpg;jpeg;jpe;resx;tiff;tif;png;wav;mfcribbon-ms</Extensions>
    </Filter>
    <Filter Include="Header Files\dump">
      <UniqueIdentifier>{dd06462d-829f-460d-8ec9-da879b64f533}</UniqueIdentifier>
    </Filter>
    <Filter Include="Header Files\base">
      <UniqueIdentifier>{d81fdca8-b8cd-4084-ba78-84a7f226c7f9}</UniqueIdentifier>
    </Filter>
    <Filter Include="Header Files\chrono">
      <UniqueIdentifier>{e894aadb-7963-4d40-bc18-160682debb92}</UniqueIdentifier>
    </Filter>
    <Filter Include="Header Files\stlx">
      <UniqueIdentifier>{ac2928b1-7527-44a7-9ed2-f39395e5337a}</UniqueIdentifier>
    </Filter>
    <Filter Include="Header Files\parse">
      <UniqueIdentifier>{94260607-5647-4cad-94ab-76537db58d8c}</UniqueIdentifier>
    </Filter>
    <Filter Include="Header Files\thread">
      <UniqueIdentifier>{3e4d9e0f-e85c-4cda-a656-d0784cce0a3e}</UniqueIdentifier>
    </Filter>
    <Filter Include="Header Files\utility">
      <UniqueIdentifier>{131403f8-934d-43a6-a67d-f96ad12e2120}</UniqueIdentifier>
    </Filter>
    <Filter Include="Header Files\meta_test">
      <UniqueIdentifier>{5357ecc5-a5d4-46cf-8af7-4f58347054a8}</UniqueIdentifier>
    </Filter>
    <Filter Include="Header Files\loki">
      <UniqueIdentifier>{db8b3727-3e12-4b3b-91e7-c5ddb5990b22}</UniqueIdentifier>
    </Filter>
  </ItemGroup>
  <ItemGroup>
    <ClInclude Include="gvals.h">
      <Filter>Header Files</Filter>
    </ClInclude>
    <ClInclude Include="dump\assert_any.h">
      <Filter>Header Files\dump</Filter>
    </ClInclude>
    <ClInclude Include="base\noncopyable.h">
      <Filter>Header Files\base</Filter>
    </ClInclude>
    <ClInclude Include="base\noninstantable.h">
      <Filter>Header Files\base</Filter>
    </ClInclude>
    <ClInclude Include="base\presuffixable.h">
      <Filter>Header Files\base</Filter>
    </ClInclude>
    <ClInclude Include="base\object_tracer.h">
      <Filter>Header Files\base</Filter>
    </ClInclude>
    <ClInclude Include="chrono\chrono_algori.h">
      <Filter>Header Files\chrono</Filter>
    </ClInclude>
    <ClInclude Include="stlx\case_insensive_char_traits.h">
      <Filter>Header Files\stlx</Filter>
    </ClInclude>
    <ClInclude Include="chrono\chrono_ex.h">
      <Filter>Header Files\chrono</Filter>
    </ClInclude>
    <ClInclude Include="dump\mem_tracer.h">
      <Filter>Header Files\dump</Filter>
    </ClInclude>
    <ClInclude Include="base\singlable.h">
      <Filter>Header Files\base</Filter>
    </ClInclude>
    <ClInclude Include="base\object_countable.h">
      <Filter>Header Files\base</Filter>
    </ClInclude>
    <ClInclude Include="parse\tinyxml2_ex.h">
      <Filter>Header Files\parse</Filter>
    </ClInclude>
    <ClInclude Include="thread\spin_lock.h">
      <Filter>Header Files\thread</Filter>
    </ClInclude>
    <ClInclude Include="parse\inier.h">
      <Filter>Header Files\parse</Filter>
    </ClInclude>
    <ClInclude Include="parse\xml_parser.h">
      <Filter>Header Files\parse</Filter>
    </ClInclude>
    <ClInclude Include="parse\ini_parser.h">
      <Filter>Header Files\parse</Filter>
    </ClInclude>
    <ClInclude Include="dump\stack_tracer.h">
      <Filter>Header Files\dump</Filter>
    </ClInclude>
    <ClInclude Include="dump\struct_exception.h">
      <Filter>Header Files\dump</Filter>
    </ClInclude>
    <ClInclude Include="utility\reflect.h">
      <Filter>Header Files\utility</Filter>
    </ClInclude>
    <ClInclude Include="thread\peer_thread.h">
      <Filter>Header Files\thread</Filter>
    </ClInclude>
    <ClInclude Include="base\pipe_range.h">
      <Filter>Header Files\base</Filter>
    </ClInclude>
    <ClInclude Include="base\range.h">
      <Filter>Header Files\base</Filter>
    </ClInclude>
    <ClInclude Include="base\variant_case.h">
      <Filter>Header Files\base</Filter>
    </ClInclude>
    <ClInclude Include="thread\thread_guard.h">
      <Filter>Header Files\thread</Filter>
    </ClInclude>
    <ClInclude Include="meta_test\algo.h">
      <Filter>Header Files\meta_test</Filter>
    </ClInclude>
    <ClInclude Include="meta_test\base.h">
      <Filter>Header Files\meta_test</Filter>
    </ClInclude>
    <ClInclude Include="loki\compile_time_check.h">
      <Filter>Header Files\loki</Filter>
    </ClInclude>
    <ClInclude Include="loki\Int2Type.h">
      <Filter>Header Files\loki</Filter>
    </ClInclude>
    <ClInclude Include="loki\Type2Type.h">
      <Filter>Header Files\loki</Filter>
    </ClInclude>
    <ClInclude Include="loki\Conversion.h">
      <Filter>Header Files\loki</Filter>
    </ClInclude>
    <ClInclude Include="loki\TypeInfo.h">
      <Filter>Header Files\loki</Filter>
    </ClInclude>
    <ClInclude Include="loki\NullType.h">
      <Filter>Header Files\loki</Filter>
    </ClInclude>
    <ClInclude Include="loki\EmptyType.h">
      <Filter>Header Files\loki</Filter>
    </ClInclude>
    <ClInclude Include="loki\TypeTraits.h">
      <Filter>Header Files\loki</Filter>
    </ClInclude>
    <ClInclude Include="loki\Typelist.h">
      <Filter>Header Files\loki</Filter>
    </ClInclude>
    <ClInclude Include="base\lsignal.h">
      <Filter>Header Files\base</Filter>
    </ClInclude>
    <ClInclude Include="base\easy_signal.h">
      <Filter>Header Files\base</Filter>
    </ClInclude>
    <ClInclude Include="loki\Gen_scatter_hierarchy.h">
      <Filter>Header Files\loki</Filter>
    </ClInclude>
    <ClInclude Include="loki\chunk.h">
      <Filter>Header Files\loki</Filter>
    </ClInclude>
    <ClInclude Include="loki\functor.h">
      <Filter>Header Files\loki</Filter>
    </ClInclude>
  </ItemGroup>
</Project>